{
	"name": "sample-database",
	"version": "1.0.2",
	"lockfileVersion": 2,
	"requires": true,
	"packages": {
		"": {
			"name": "sample-database",
			"version": "1.0.2",
			"license": "UNLICENSED",
			"dependencies": {
				"mysql-shaman": "^1.0.8"
			},
			"devDependencies": {
				"@types/node": "~16.6.0",
				"typescript": "~4.9.4"
			}
		},
		"node_modules/@nodelib/fs.scandir": {
			"version": "2.1.5",
			"license": "MIT",
			"dependencies": {
				"@nodelib/fs.stat": "2.0.5",
				"run-parallel": "^1.1.9"
			},
			"engines": {
				"node": ">= 8"
			}
		},
		"node_modules/@nodelib/fs.stat": {
			"version": "2.0.5",
			"license": "MIT",
			"engines": {
				"node": ">= 8"
			}
		},
		"node_modules/@nodelib/fs.walk": {
			"version": "1.2.8",
			"license": "MIT",
			"dependencies": {
				"@nodelib/fs.scandir": "2.1.5",
				"fastq": "^1.6.0"
			},
			"engines": {
				"node": ">= 8"
			}
		},
		"node_modules/@types/node": {
			"version": "16.6.2",
			"resolved": "https://registry.npmjs.org/@types/node/-/node-16.6.2.tgz",
			"integrity": "sha512-LSw8TZt12ZudbpHc6EkIyDM3nHVWKYrAvGy6EAJfNfjusbwnThqjqxUKKRwuV3iWYeW/LYMzNgaq3MaLffQ2xA==",
			"dev": true
		},
		"node_modules/bignumber.js": {
			"version": "9.0.0",
			"license": "MIT",
			"engines": {
				"node": "*"
			}
		},
		"node_modules/braces": {
			"version": "3.0.2",
			"license": "MIT",
			"dependencies": {
				"fill-range": "^7.0.1"
			},
			"engines": {
				"node": ">=8"
			}
		},
		"node_modules/core-util-is": {
			"version": "1.0.3",
			"license": "MIT"
		},
		"node_modules/fast-glob": {
			"version": "3.2.11",
			"license": "MIT",
			"dependencies": {
				"@nodelib/fs.stat": "^2.0.2",
				"@nodelib/fs.walk": "^1.2.3",
				"glob-parent": "^5.1.2",
				"merge2": "^1.3.0",
				"micromatch": "^4.0.4"
			},
			"engines": {
				"node": ">=8.6.0"
			}
		},
		"node_modules/fastq": {
			"version": "1.13.0",
			"license": "ISC",
			"dependencies": {
				"reusify": "^1.0.4"
			}
		},
		"node_modules/fill-range": {
			"version": "7.0.1",
			"license": "MIT",
			"dependencies": {
				"to-regex-range": "^5.0.1"
			},
			"engines": {
				"node": ">=8"
			}
		},
		"node_modules/glob-parent": {
			"version": "5.1.2",
			"license": "ISC",
			"dependencies": {
				"is-glob": "^4.0.1"
			},
			"engines": {
				"node": ">= 6"
			}
		},
		"node_modules/inherits": {
			"version": "2.0.4",
			"license": "ISC"
		},
		"node_modules/is-extglob": {
			"version": "2.1.1",
			"license": "MIT",
			"engines": {
				"node": ">=0.10.0"
			}
		},
		"node_modules/is-glob": {
			"version": "4.0.3",
			"license": "MIT",
			"dependencies": {
				"is-extglob": "^2.1.1"
			},
			"engines": {
				"node": ">=0.10.0"
			}
		},
		"node_modules/is-number": {
			"version": "7.0.0",
			"license": "MIT",
			"engines": {
				"node": ">=0.12.0"
			}
		},
		"node_modules/isarray": {
			"version": "1.0.0",
			"license": "MIT"
		},
		"node_modules/merge2": {
			"version": "1.4.1",
			"license": "MIT",
			"engines": {
				"node": ">= 8"
			}
		},
		"node_modules/micromatch": {
			"version": "4.0.4",
			"license": "MIT",
			"dependencies": {
				"braces": "^3.0.1",
				"picomatch": "^2.2.3"
			},
			"engines": {
				"node": ">=8.6"
			}
		},
		"node_modules/mysql": {
			"version": "2.18.1",
			"license": "MIT",
			"dependencies": {
				"bignumber.js": "9.0.0",
				"readable-stream": "2.3.7",
				"safe-buffer": "5.1.2",
				"sqlstring": "2.3.1"
			},
			"engines": {
				"node": ">= 0.6"
			}
		},
		"node_modules/mysql-shaman": {
			"version": "1.0.8",
			"license": "ISC",
			"dependencies": {
				"fast-glob": "^3.2.11",
				"mysql": "^2.18.1",
				"password-generator": "^2.3.2"
			},
			"bin": {
				"mysql-shaman": "lib/cli/mysql-shaman-cli.js"
			}
		},
		"node_modules/password-generator": {
			"version": "2.3.2",
			"bin": {
				"password-generator": "bin/password-generator"
			}
		},
		"node_modules/picomatch": {
			"version": "2.3.1",
			"license": "MIT",
			"engines": {
				"node": ">=8.6"
			},
			"funding": {
				"url": "https://github.com/sponsors/jonschlinkert"
			}
		},
		"node_modules/process-nextick-args": {
			"version": "2.0.1",
			"license": "MIT"
		},
		"node_modules/queue-microtask": {
			"version": "1.2.3",
			"funding": [
				{
					"type": "github",
					"url": "https://github.com/sponsors/feross"
				},
				{
					"type": "patreon",
					"url": "https://www.patreon.com/feross"
				},
				{
					"type": "consulting",
					"url": "https://feross.org/support"
				}
			],
			"license": "MIT"
		},
		"node_modules/readable-stream": {
			"version": "2.3.7",
			"license": "MIT",
			"dependencies": {
				"core-util-is": "~1.0.0",
				"inherits": "~2.0.3",
				"isarray": "~1.0.0",
				"process-nextick-args": "~2.0.0",
				"safe-buffer": "~5.1.1",
				"string_decoder": "~1.1.1",
				"util-deprecate": "~1.0.1"
			}
		},
		"node_modules/reusify": {
			"version": "1.0.4",
			"license": "MIT",
			"engines": {
				"iojs": ">=1.0.0",
				"node": ">=0.10.0"
			}
		},
		"node_modules/run-parallel": {
			"version": "1.2.0",
			"funding": [
				{
					"type": "github",
					"url": "https://github.com/sponsors/feross"
				},
				{
					"type": "patreon",
					"url": "https://www.patreon.com/feross"
				},
				{
					"type": "consulting",
					"url": "https://feross.org/support"
				}
			],
			"license": "MIT",
			"dependencies": {
				"queue-microtask": "^1.2.2"
			}
		},
		"node_modules/safe-buffer": {
			"version": "5.1.2",
			"license": "MIT"
		},
		"node_modules/sqlstring": {
			"version": "2.3.1",
			"license": "MIT",
			"engines": {
				"node": ">= 0.6"
			}
		},
		"node_modules/string_decoder": {
			"version": "1.1.1",
			"license": "MIT",
			"dependencies": {
				"safe-buffer": "~5.1.0"
			}
		},
		"node_modules/to-regex-range": {
			"version": "5.0.1",
			"license": "MIT",
			"dependencies": {
				"is-number": "^7.0.0"
			},
			"engines": {
				"node": ">=8.0"
			}
		},
		"node_modules/typescript": {
			"version": "4.9.4",
			"resolved": "https://registry.npmjs.org/typescript/-/typescript-4.9.4.tgz",
			"integrity": "sha512-Uz+dTXYzxXXbsFpM86Wh3dKCxrQqUcVMxwU54orwlJjOpO3ao8L7j5lH+dWfTwgCwIuM9GQ2kvVotzYJMXTBZg==",
			"dev": true,
			"bin": {
				"tsc": "bin/tsc",
				"tsserver": "bin/tsserver"
			},
			"engines": {
				"node": ">=4.2.0"
			}
		},
		"node_modules/util-deprecate": {
			"version": "1.0.2",
			"license": "MIT"
		}
	},
	"dependencies": {
		"@nodelib/fs.scandir": {
			"version": "2.1.5",
			"requires": {
				"@nodelib/fs.stat": "2.0.5",
				"run-parallel": "^1.1.9"
			}
		},
		"@nodelib/fs.stat": {
			"version": "2.0.5"
		},
		"@nodelib/fs.walk": {
			"version": "1.2.8",
			"requires": {
				"@nodelib/fs.scandir": "2.1.5",
				"fastq": "^1.6.0"
			}
		},
		"@types/node": {
			"version": "16.6.2",
			"resolved": "https://registry.npmjs.org/@types/node/-/node-16.6.2.tgz",
			"integrity": "sha512-LSw8TZt12ZudbpHc6EkIyDM3nHVWKYrAvGy6EAJfNfjusbwnThqjqxUKKRwuV3iWYeW/LYMzNgaq3MaLffQ2xA==",
			"dev": true
		},
		"bignumber.js": {
			"version": "9.0.0"
		},
		"braces": {
			"version": "3.0.2",
			"requires": {
				"fill-range": "^7.0.1"
			}
		},
		"core-util-is": {
			"version": "1.0.3"
		},
		"fast-glob": {
			"version": "3.2.11",
			"requires": {
				"@nodelib/fs.stat": "^2.0.2",
				"@nodelib/fs.walk": "^1.2.3",
				"glob-parent": "^5.1.2",
				"merge2": "^1.3.0",
				"micromatch": "^4.0.4"
			}
		},
		"fastq": {
			"version": "1.13.0",
			"requires": {
				"reusify": "^1.0.4"
			}
		},
		"fill-range": {
			"version": "7.0.1",
			"requires": {
				"to-regex-range": "^5.0.1"
			}
		},
		"glob-parent": {
			"version": "5.1.2",
			"requires": {
				"is-glob": "^4.0.1"
			}
		},
		"inherits": {
			"version": "2.0.4"
		},
		"is-extglob": {
			"version": "2.1.1"
		},
		"is-glob": {
			"version": "4.0.3",
			"requires": {
				"is-extglob": "^2.1.1"
			}
		},
		"is-number": {
			"version": "7.0.0"
		},
		"isarray": {
			"version": "1.0.0"
		},
		"merge2": {
			"version": "1.4.1"
		},
		"micromatch": {
			"version": "4.0.4",
			"requires": {
				"braces": "^3.0.1",
				"picomatch": "^2.2.3"
			}
		},
		"mysql": {
			"version": "2.18.1",
			"requires": {
				"bignumber.js": "9.0.0",
				"readable-stream": "2.3.7",
				"safe-buffer": "5.1.2",
				"sqlstring": "2.3.1"
			}
		},
		"mysql-shaman": {
			"version": "1.0.8",
			"requires": {
				"fast-glob": "^3.2.11",
				"mysql": "^2.18.1",
				"password-generator": "^2.3.2"
			}
		},
		"password-generator": {
			"version": "2.3.2"
		},
		"picomatch": {
			"version": "2.3.1"
		},
		"process-nextick-args": {
			"version": "2.0.1"
		},
		"queue-microtask": {
			"version": "1.2.3"
		},
		"readable-stream": {
			"version": "2.3.7",
			"requires": {
				"core-util-is": "~1.0.0",
				"inherits": "~2.0.3",
				"isarray": "~1.0.0",
				"process-nextick-args": "~2.0.0",
				"safe-buffer": "~5.1.1",
				"string_decoder": "~1.1.1",
				"util-deprecate": "~1.0.1"
			}
		},
		"reusify": {
			"version": "1.0.4"
		},
		"run-parallel": {
			"version": "1.2.0",
			"requires": {
				"queue-microtask": "^1.2.2"
			}
		},
		"safe-buffer": {
			"version": "5.1.2"
		},
		"sqlstring": {
			"version": "2.3.1"
		},
		"string_decoder": {
			"version": "1.1.1",
			"requires": {
				"safe-buffer": "~5.1.0"
			}
		},
		"to-regex-range": {
			"version": "5.0.1",
			"requires": {
				"is-number": "^7.0.0"
			}
		},
		"typescript": {
			"version": "4.9.4",
			"resolved": "https://registry.npmjs.org/typescript/-/typescript-4.9.4.tgz",
			"integrity": "sha512-Uz+dTXYzxXXbsFpM86Wh3dKCxrQqUcVMxwU54orwlJjOpO3ao8L7j5lH+dWfTwgCwIuM9GQ2kvVotzYJMXTBZg==",
			"dev": true
		},
		"util-deprecate": {
			"version": "1.0.2"
		}
	}
}
